{
  "name": "data",
  "version": "1.1.0",
  "lockfileVersion": 1,
  "requires": true,
  "dependencies": {
    "ical-generator": {
      "version": "0.2.10",
      "resolved": "https://registry.npmjs.org/ical-generator/-/ical-generator-0.2.10.tgz",
      "integrity": "sha512-q4TRRGIaG8McNeZRx9sF120vxVuZbPSAMiwn9GgI9+iRrrtUsLZnVUAO7dPP7XSXt+yrrrxP2LbQ+KEnUC6+JQ=="
    },
    "moment": {
      "version": "2.29.4",
      "resolved": "https://registry.npmjs.org/moment/-/moment-2.29.4.tgz",
      "integrity": "sha512-5LC9SOxjSc2HF6vO2CyuTDNivEdoz2IvyJJGj6X8DJ0eFyfszE0QiEd+iXmBvUP3WHxSjFH/vIsA0EN00cgr8w=="
    }
  }
}
